
Microsoft Visual Studio Solution File, Format Version 12.00
Project("{FAE04EC0-301F-11D3-BF4B-00C04F79EFBC}") = "IRCBot", "IRCBot\IRCBot.csproj", "{95F28361-FAB1-46D4-8610-D593D3A00656}"
EndProject
Global
	GlobalSection(SolutionConfigurationPlatforms) = preSolution
		Debug|Any CPU = Debug|Any CPU
		Release|Any CPU = Release|Any CPU
	EndGlobalSection
	GlobalSection(ProjectConfigurationPlatforms) = postSolution
		{95F28361-FAB1-46D4-8610-D593D3A00656}.Debug|Any CPU.ActiveCfg = Debug|Any CPU
		{95F28361-FAB1-46D4-8610-D593D3A00656}.Debug|Any CPU.Build.0 = Debug|Any CPU
		{95F28361-FAB1-46D4-8610-D593D3A00656}.Release|Any CPU.ActiveCfg = Release|Any CPU
		{95F28361-FAB1-46D4-8610-D593D3A00656}.Release|Any CPU.Build.0 = Release|Any CPU
	EndGlobalSection
EndGlobal
